// !$*UTF8*$!
{
	archiveVersion = 1;
	classes = {
	};
	objectVersion = 46;
	objects = {

/* Begin PBXBuildFile section */
		A367E60116BAE4070075DADE /* Cocoa.framework in Frameworks */ = {isa = PBXBuildFile; fileRef = A367E60016BAE4070075DADE /* Cocoa.framework */; };
		A367E60B16BAE4070075DADE /* InfoPlist.strings in Resources */ = {isa = PBXBuildFile; fileRef = A367E60916BAE4070075DADE /* InfoPlist.strings */; };
		A367E60D16BAE4070075DADE /* main.m in Sources */ = {isa = PBXBuildFile; fileRef = A367E60C16BAE4070075DADE /* main.m */; };
		A367E61116BAE4070075DADE /* Credits.rtf in Resources */ = {isa = PBXBuildFile; fileRef = A367E60F16BAE4070075DADE /* Credits.rtf */; };
		A367E61416BAE4070075DADE /* MAppDelegate.m in Sources */ = {isa = PBXBuildFile; fileRef = A367E61316BAE4070075DADE /* MAppDelegate.m */; };
		A367E61716BAE4070075DADE /* MainMenu.xib in Resources */ = {isa = PBXBuildFile; fileRef = A367E61516BAE4070075DADE /* MainMenu.xib */; };
/* End PBXBuildFile section */

/* Begin PBXFileReference section */
		A367E5FC16BAE4070075DADE /* donua.app */ = {isa = PBXFileReference; explicitFileType = wrapper.application; includeInIndex = 0; path = donua.app; sourceTree = BUILT_PRODUCTS_DIR; };
		A367E60016BAE4070075DADE /* Cocoa.framework */ = {isa = PBXFileReference; lastKnownFileType = wrapper.framework; name = Cocoa.framework; path = System/Library/Frameworks/Cocoa.framework; sourceTree = SDKROOT; };
		A367E60316BAE4070075DADE /* AppKit.framework */ = {isa = PBXFileReference; lastKnownFileType = wrapper.framework; name = AppKit.framework; path = System/Library/Frameworks/AppKit.framework; sourceTree = SDKROOT; };
		A367E60416BAE4070075DADE /* CoreData.framework */ = {isa = PBXFileReference; lastKnownFileType = wrapper.framework; name = CoreData.framework; path = System/Library/Frameworks/CoreData.framework; sourceTree = SDKROOT; };
		A367E60516BAE4070075DADE /* Foundation.framework */ = {isa = PBXFileReference; lastKnownFileType = wrapper.framework; name = Foundation.framework; path = System/Library/Frameworks/Foundation.framework; sourceTree = SDKROOT; };
		A367E60816BAE4070075DADE /* donua-Info.plist */ = {isa = PBXFileReference; lastKnownFileType = text.plist.xml; path = "donua-Info.plist"; sourceTree = "<group>"; };
		A367E60A16BAE4070075DADE /* en */ = {isa = PBXFileReference; lastKnownFileType = text.plist.strings; name = en; path = en.lproj/InfoPlist.strings; sourceTree = "<group>"; };
		A367E60C16BAE4070075DADE /* main.m */ = {isa = PBXFileReference; lastKnownFileType = sourcecode.c.objc; path = main.m; sourceTree = "<group>"; };
		A367E60E16BAE4070075DADE /* donua-Prefix.pch */ = {isa = PBXFileReference; lastKnownFileType = sourcecode.c.h; path = "donua-Prefix.pch"; sourceTree = "<group>"; };
		A367E61016BAE4070075DADE /* en */ = {isa = PBXFileReference; lastKnownFileType = text.rtf; name = en; path = en.lproj/Credits.rtf; sourceTree = "<group>"; };
		A367E61216BAE4070075DADE /* MAppDelegate.h */ = {isa = PBXFileReference; lastKnownFileType = sourcecode.c.h; path = MAppDelegate.h; sourceTree = "<group>"; };
		A367E61316BAE4070075DADE /* MAppDelegate.m */ = {isa = PBXFileReference; lastKnownFileType = sourcecode.c.objc; path = MAppDelegate.m; sourceTree = "<group>"; };
		A367E61616BAE4070075DADE /* en */ = {isa = PBXFileReference; lastKnownFileType = file.xib; name = en; path = en.lproj/MainMenu.xib; sourceTree = "<group>"; };
/* End PBXFileReference section */

/* Begin PBXFrameworksBuildPhase section */
		A367E5F916BAE4070075DADE /* Frameworks */ = {
			isa = PBXFrameworksBuildPhase;
			buildActionMask = 2147483647;
			files = (
				A367E60116BAE4070075DADE /* Cocoa.framework in Frameworks */,
			);
			runOnlyForDeploymentPostprocessing = 0;
		};
/* End PBXFrameworksBuildPhase section */

/* Begin PBXGroup section */
		A367E5F116BAE4070075DADE = {
			isa = PBXGroup;
			children = (
				A367E60616BAE4070075DADE /* donua */,
				A367E5FF16BAE4070075DADE /* Frameworks */,
				A367E5FD16BAE4070075DADE /* Products */,
			);
			sourceTree = "<group>";
		};
		A367E5FD16BAE4070075DADE /* Products */ = {
			isa = PBXGroup;
			children = (
				A367E5FC16BAE4070075DADE /* donua.app */,
			);
			name = Products;
			sourceTree = "<group>";
		};
		A367E5FF16BAE4070075DADE /* Frameworks */ = {
			isa = PBXGroup;
			children = (
				A367E60016BAE4070075DADE /* Cocoa.framework */,
				A367E60216BAE4070075DADE /* Other Frameworks */,
			);
			name = Frameworks;
			sourceTree = "<group>";
		};
		A367E60216BAE4070075DADE /* Other Frameworks */ = {
			isa = PBXGroup;
			children = (
				A367E60316BAE4070075DADE /* AppKit.framework */,
				A367E60416BAE4070075DADE /* CoreData.framework */,
				A367E60516BAE4070075DADE /* Foundation.framework */,
			);
			name = "Other Frameworks";
			sourceTree = "<group>";
		};
		A367E60616BAE4070075DADE /* donua */ = {
			isa = PBXGroup;
			children = (
				A367E61216BAE4070075DADE /* MAppDelegate.h */,
				A367E61316BAE4070075DADE /* MAppDelegate.m */,
				A367E61516BAE4070075DADE /* MainMenu.xib */,
				A367E60716BAE4070075DADE /* Supporting Files */,
			);
			path = donua;
			sourceTree = "<group>";
		};
		A367E60716BAE4070075DADE /* Supporting Files */ = {
			isa = PBXGroup;
			children = (
				A367E60816BAE4070075DADE /* donua-Info.plist */,
				A367E60916BAE4070075DADE /* InfoPlist.strings */,
				A367E60C16BAE4070075DADE /* main.m */,
				A367E60E16BAE4070075DADE /* donua-Prefix.pch */,
				A367E60F16BAE4070075DADE /* Credits.rtf */,
			);
			name = "Supporting Files";
			sourceTree = "<group>";
		};
/* End PBXGroup section */

/* Begin PBXNativeTarget section */
		A367E5FB16BAE4070075DADE /* donua */ = {
			isa = PBXNativeTarget;
			buildConfigurationList = A367E61A16BAE4070075DADE /* Build configuration list for PBXNativeTarget "donua" */;
			buildPhases = (
				A367E5F816BAE4070075DADE /* Sources */,
				A367E5F916BAE4070075DADE /* Frameworks */,
				A367E5FA16BAE4070075DADE /* Resources */,
			);
			buildRules = (
			);
			dependencies = (
			);
			name = donua;
			productName = donua;
			productReference = A367E5FC16BAE4070075DADE /* donua.app */;
			productType = "com.apple.product-type.application";
		};
/* End PBXNativeTarget section */

/* Begin PBXProject section */
		A367E5F316BAE4070075DADE /* Project object */ = {
			isa = PBXProject;
			attributes = {
				CLASSPREFIX = M;
				LastUpgradeCheck = 0450;
				ORGANIZATIONNAME = mochaka;
			};
			buildConfigurationList = A367E5F616BAE4070075DADE /* Build configuration list for PBXProject "donua" */;
			compatibilityVersion = "Xcode 3.2";
			developmentRegion = English;
			hasScannedForEncodings = 0;
			knownRegions = (
				en,
			);
			mainGroup = A367E5F116BAE4070075DADE;
			productRefGroup = A367E5FD16BAE4070075DADE /* Products */;
			projectDirPath = "";
			projectRoot = "";
			targets = (
				A367E5FB16BAE4070075DADE /* donua */,
			);
		};
/* End PBXProject section */

/* Begin PBXResourcesBuildPhase section */
		A367E5FA16BAE4070075DADE /* Resources */ = {
			isa = PBXResourcesBuildPhase;
			buildActionMask = 2147483647;
			files = (
				A367E60B16BAE4070075DADE /* InfoPlist.strings in Resources */,
				A367E61116BAE4070075DADE /* Credits.rtf in Resources */,
				A367E61716BAE4070075DADE /* MainMenu.xib in Resources */,
			);
			runOnlyForDeploymentPostprocessing = 0;
		};
/* End PBXResourcesBuildPhase section */

/* Begin PBXSourcesBuildPhase section */
		A367E5F816BAE4070075DADE /* Sources */ = {
			isa = PBXSourcesBuildPhase;
			buildActionMask = 2147483647;
			files = (
				A367E60D16BAE4070075DADE /* main.m in Sources */,
				A367E61416BAE4070075DADE /* MAppDelegate.m in Sources */,
			);
			runOnlyForDeploymentPostprocessing = 0;
		};
/* End PBXSourcesBuildPhase section */

/* Begin PBXVariantGroup section */
		A367E60916BAE4070075DADE /* InfoPlist.strings */ = {
			isa = PBXVariantGroup;
			children = (
				A367E60A16BAE4070075DADE /* en */,
			);
			name = InfoPlist.strings;
			sourceTree = "<group>";
		};
		A367E60F16BAE4070075DADE /* Credits.rtf */ = {
			isa = PBXVariantGroup;
			children = (
				A367E61016BAE4070075DADE /* en */,
			);
			name = Credits.rtf;
			sourceTree = "<group>";
		};
		A367E61516BAE4070075DADE /* MainMenu.xib */ = {
			isa = PBXVariantGroup;
			children = (
				A367E61616BAE4070075DADE /* en */,
			);
			name = MainMenu.xib;
			sourceTree = "<group>";
		};
/* End PBXVariantGroup section */

/* Begin XCBuildConfiguration section */
		A367E61816BAE4070075DADE /* Debug */ = {
			isa = XCBuildConfiguration;
			buildSettings = {
				ALWAYS_SEARCH_USER_PATHS = NO;
				ARCHS = "$(ARCHS_STANDARD_64_BIT)";
				CLANG_CXX_LANGUAGE_STANDARD = "gnu++0x";
				CLANG_CXX_LIBRARY = "libc++";
				CLANG_ENABLE_OBJC_ARC = YES;
				CLANG_WARN_EMPTY_BODY = YES;
				CLANG_WARN__DUPLICATE_METHOD_MATCH = YES;
				COPY_PHASE_STRIP = NO;
				GCC_C_LANGUAGE_STANDARD = gnu99;
				GCC_DYNAMIC_NO_PIC = NO;
				GCC_ENABLE_OBJC_EXCEPTIONS = YES;
				GCC_OPTIMIZATION_LEVEL = 0;
				GCC_PREPROCESSOR_DEFINITIONS = (
					"DEBUG=1",
					"$(inherited)",
				);
				GCC_SYMBOLS_PRIVATE_EXTERN = NO;
				GCC_WARN_64_TO_32_BIT_CONVERSION = YES;
				GCC_WARN_ABOUT_RETURN_TYPE = YES;
				GCC_WARN_UNINITIALIZED_AUTOS = YES;
				GCC_WARN_UNUSED_VARIABLE = YES;
				MACOSX_DEPLOYMENT_TARGET = 10.8;
				ONLY_ACTIVE_ARCH = YES;
				SDKROOT = macosx;
			};
			name = Debug;
		};
		A367E61916BAE4070075DADE /* Release */ = {
			isa = XCBuildConfiguration;
			buildSettings = {
				ALWAYS_SEARCH_USER_PATHS = NO;
				ARCHS = "$(ARCHS_STANDARD_64_BIT)";
				CLANG_CXX_LANGUAGE_STANDARD = "gnu++0x";
				CLANG_CXX_LIBRARY = "libc++";
				CLANG_ENABLE_OBJC_ARC = YES;
				CLANG_WARN_EMPTY_BODY = YES;
				CLANG_WARN__DUPLICATE_METHOD_MATCH = YES;
				COPY_PHASE_STRIP = YES;
				DEBUG_INFORMATION_FORMAT = "dwarf-with-dsym";
				GCC_C_LANGUAGE_STANDARD = gnu99;
				GCC_ENABLE_OBJC_EXCEPTIONS = YES;
				GCC_WARN_64_TO_32_BIT_CONVERSION = YES;
				GCC_WARN_ABOUT_RETURN_TYPE = YES;
				GCC_WARN_UNINITIALIZED_AUTOS = YES;
				GCC_WARN_UNUSED_VARIABLE = YES;
				MACOSX_DEPLOYMENT_TARGET = 10.8;
				SDKROOT = macosx;
			};
			name = Release;
		};
		A367E61B16BAE4070075DADE /* Debug */ = {
			isa = XCBuildConfiguration;
			buildSettings = {
				COMBINE_HIDPI_IMAGES = YES;
				GCC_PRECOMPILE_PREFIX_HEADER = YES;
				GCC_PREFIX_HEADER = "donua/donua-Prefix.pch";
				INFOPLIST_FILE = "donua/donua-Info.plist";
				PRODUCT_NAME = "$(TARGET_NAME)";
				WRAPPER_EXTENSION = app;
			};
			name = Debug;
		};
		A367E61C16BAE4070075DADE /* Release */ = {
			isa = XCBuildConfiguration;
			buildSettings = {
				COMBINE_HIDPI_IMAGES = YES;
				GCC_PRECOMPILE_PREFIX_HEADER = YES;
				GCC_PREFIX_HEADER = "donua/donua-Prefix.pch";
				INFOPLIST_FILE = "donua/donua-Info.plist";
				PRODUCT_NAME = "$(TARGET_NAME)";
				WRAPPER_EXTENSION = app;
			};
			name = Release;
		};
/* End XCBuildConfiguration section */

/* Begin XCConfigurationList section */
		A367E5F616BAE4070075DADE /* Build configuration list for PBXProject "donua" */ = {
			isa = XCConfigurationList;
			buildConfigurations = (
				A367E61816BAE4070075DADE /* Debug */,
				A367E61916BAE4070075DADE /* Release */,
			);
			defaultConfigurationIsVisible = 0;
			defaultConfigurationName = Release;
		};
		A367E61A16BAE4070075DADE /* Build configuration list for PBXNativeTarget "donua" */ = {
			isa = XCConfigurationList;
			buildConfigurations = (
				A367E61B16BAE4070075DADE /* Debug */,
				A367E61C16BAE4070075DADE /* Release */,
			);
			defaultConfigurationIsVisible = 0;
		};
/* End XCConfigurationList section */
	};
	rootObject = A367E5F316BAE4070075DADE /* Project object */;
}
